
Microsoft Visual Studio Solution File, Format Version 12.00
# Visual Studio Version 17
VisualStudioVersion = 17.12.35707.178
MinimumVisualStudioVersion = 10.0.40219.1
Project("{FAE04EC0-301F-11D3-BF4B-00C04F79EFBC}") = "Mega.Kml2Gpx.Wpf", "Mega.kml2Gpx.Wpf\Mega.Kml2Gpx.Wpf.csproj", "{44821A2F-871F-4B31-839B-E2A553A72133}"
EndProject
Project("{FAE04EC0-301F-11D3-BF4B-00C04F79EFBC}") = "Mega.Kml2Gpx", "Mega.Kml2Gpx\Mega.Kml2Gpx.csproj", "{F041EFDF-6543-4ACC-AC64-091632347C09}"
EndProject
Project("{FAE04EC0-301F-11D3-BF4B-00C04F79EFBC}") = "Mega.Kml2Gpx.WinForm", "Mega.Kml2Gpx.WinForm\Mega.Kml2Gpx.WinForm.csproj", "{4138BC42-114E-42D2-9CC1-048ABFB51729}"
EndProject
Project("{FAE04EC0-301F-11D3-BF4B-00C04F79EFBC}") = "Mega.Kml2Gpx.WinUI3", "Mega.Kml2Gpx.WinUI3\Mega.Kml2Gpx.WinUI3.csproj", "{EBBDDF3B-6E0C-4E65-BB71-CD7F318AC0F5}"
EndProject
Global
	GlobalSection(SolutionConfigurationPlatforms) = preSolution
		Debug|Any CPU = Debug|Any CPU
		Debug|ARM = Debug|ARM
		Debug|ARM64 = Debug|ARM64
		Debug|x64 = Debug|x64
		Debug|x86 = Debug|x86
		Release|Any CPU = Release|Any CPU
		Release|ARM = Release|ARM
		Release|ARM64 = Release|ARM64
		Release|x64 = Release|x64
		Release|x86 = Release|x86
	EndGlobalSection
	GlobalSection(ProjectConfigurationPlatforms) = postSolution
		{44821A2F-871F-4B31-839B-E2A553A72133}.Debug|Any CPU.ActiveCfg = Debug|Any CPU
		{44821A2F-871F-4B31-839B-E2A553A72133}.Debug|Any CPU.Build.0 = Debug|Any CPU
		{44821A2F-871F-4B31-839B-E2A553A72133}.Debug|ARM.ActiveCfg = Debug|Any CPU
		{44821A2F-871F-4B31-839B-E2A553A72133}.Debug|ARM.Build.0 = Debug|Any CPU
		{44821A2F-871F-4B31-839B-E2A553A72133}.Debug|ARM64.ActiveCfg = Debug|Any CPU
		{44821A2F-871F-4B31-839B-E2A553A72133}.Debug|ARM64.Build.0 = Debug|Any CPU
		{44821A2F-871F-4B31-839B-E2A553A72133}.Debug|x64.ActiveCfg = Debug|Any CPU
		{44821A2F-871F-4B31-839B-E2A553A72133}.Debug|x64.Build.0 = Debug|Any CPU
		{44821A2F-871F-4B31-839B-E2A553A72133}.Debug|x86.ActiveCfg = Debug|Any CPU
		{44821A2F-871F-4B31-839B-E2A553A72133}.Debug|x86.Build.0 = Debug|Any CPU
		{44821A2F-871F-4B31-839B-E2A553A72133}.Release|Any CPU.ActiveCfg = Release|Any CPU
		{44821A2F-871F-4B31-839B-E2A553A72133}.Release|Any CPU.Build.0 = Release|Any CPU
		{44821A2F-871F-4B31-839B-E2A553A72133}.Release|ARM.ActiveCfg = Release|Any CPU
		{44821A2F-871F-4B31-839B-E2A553A72133}.Release|ARM.Build.0 = Release|Any CPU
		{44821A2F-871F-4B31-839B-E2A553A72133}.Release|ARM64.ActiveCfg = Release|Any CPU
		{44821A2F-871F-4B31-839B-E2A553A72133}.Release|ARM64.Build.0 = Release|Any CPU
		{44821A2F-871F-4B31-839B-E2A553A72133}.Release|x64.ActiveCfg = Release|Any CPU
		{44821A2F-871F-4B31-839B-E2A553A72133}.Release|x64.Build.0 = Release|Any CPU
		{44821A2F-871F-4B31-839B-E2A553A72133}.Release|x86.ActiveCfg = Release|Any CPU
		{44821A2F-871F-4B31-839B-E2A553A72133}.Release|x86.Build.0 = Release|Any CPU
		{F041EFDF-6543-4ACC-AC64-091632347C09}.Debug|Any CPU.ActiveCfg = Debug|Any CPU
		{F041EFDF-6543-4ACC-AC64-091632347C09}.Debug|Any CPU.Build.0 = Debug|Any CPU
		{F041EFDF-6543-4ACC-AC64-091632347C09}.Debug|ARM.ActiveCfg = Debug|Any CPU
		{F041EFDF-6543-4ACC-AC64-091632347C09}.Debug|ARM.Build.0 = Debug|Any CPU
		{F041EFDF-6543-4ACC-AC64-091632347C09}.Debug|ARM64.ActiveCfg = Debug|Any CPU
		{F041EFDF-6543-4ACC-AC64-091632347C09}.Debug|ARM64.Build.0 = Debug|Any CPU
		{F041EFDF-6543-4ACC-AC64-091632347C09}.Debug|x64.ActiveCfg = Debug|Any CPU
		{F041EFDF-6543-4ACC-AC64-091632347C09}.Debug|x64.Build.0 = Debug|Any CPU
		{F041EFDF-6543-4ACC-AC64-091632347C09}.Debug|x86.ActiveCfg = Debug|Any CPU
		{F041EFDF-6543-4ACC-AC64-091632347C09}.Debug|x86.Build.0 = Debug|Any CPU
		{F041EFDF-6543-4ACC-AC64-091632347C09}.Release|Any CPU.ActiveCfg = Release|Any CPU
		{F041EFDF-6543-4ACC-AC64-091632347C09}.Release|Any CPU.Build.0 = Release|Any CPU
		{F041EFDF-6543-4ACC-AC64-091632347C09}.Release|ARM.ActiveCfg = Release|Any CPU
		{F041EFDF-6543-4ACC-AC64-091632347C09}.Release|ARM.Build.0 = Release|Any CPU
		{F041EFDF-6543-4ACC-AC64-091632347C09}.Release|ARM64.ActiveCfg = Release|Any CPU
		{F041EFDF-6543-4ACC-AC64-091632347C09}.Release|ARM64.Build.0 = Release|Any CPU
		{F041EFDF-6543-4ACC-AC64-091632347C09}.Release|x64.ActiveCfg = Release|Any CPU
		{F041EFDF-6543-4ACC-AC64-091632347C09}.Release|x64.Build.0 = Release|Any CPU
		{F041EFDF-6543-4ACC-AC64-091632347C09}.Release|x86.ActiveCfg = Release|Any CPU
		{F041EFDF-6543-4ACC-AC64-091632347C09}.Release|x86.Build.0 = Release|Any CPU
		{4138BC42-114E-42D2-9CC1-048ABFB51729}.Debug|Any CPU.ActiveCfg = Debug|Any CPU
		{4138BC42-114E-42D2-9CC1-048ABFB51729}.Debug|Any CPU.Build.0 = Debug|Any CPU
		{4138BC42-114E-42D2-9CC1-048ABFB51729}.Debug|ARM.ActiveCfg = Debug|Any CPU
		{4138BC42-114E-42D2-9CC1-048ABFB51729}.Debug|ARM.Build.0 = Debug|Any CPU
		{4138BC42-114E-42D2-9CC1-048ABFB51729}.Debug|ARM64.ActiveCfg = Debug|Any CPU
		{4138BC42-114E-42D2-9CC1-048ABFB51729}.Debug|ARM64.Build.0 = Debug|Any CPU
		{4138BC42-114E-42D2-9CC1-048ABFB51729}.Debug|x64.ActiveCfg = Debug|Any CPU
		{4138BC42-114E-42D2-9CC1-048ABFB51729}.Debug|x64.Build.0 = Debug|Any CPU
		{4138BC42-114E-42D2-9CC1-048ABFB51729}.Debug|x86.ActiveCfg = Debug|Any CPU
		{4138BC42-114E-42D2-9CC1-048ABFB51729}.Debug|x86.Build.0 = Debug|Any CPU
		{4138BC42-114E-42D2-9CC1-048ABFB51729}.Release|Any CPU.ActiveCfg = Release|Any CPU
		{4138BC42-114E-42D2-9CC1-048ABFB51729}.Release|Any CPU.Build.0 = Release|Any CPU
		{4138BC42-114E-42D2-9CC1-048ABFB51729}.Release|ARM.ActiveCfg = Release|Any CPU
		{4138BC42-114E-42D2-9CC1-048ABFB51729}.Release|ARM.Build.0 = Release|Any CPU
		{4138BC42-114E-42D2-9CC1-048ABFB51729}.Release|ARM64.ActiveCfg = Release|Any CPU
		{4138BC42-114E-42D2-9CC1-048ABFB51729}.Release|ARM64.Build.0 = Release|Any CPU
		{4138BC42-114E-42D2-9CC1-048ABFB51729}.Release|x64.ActiveCfg = Release|Any CPU
		{4138BC42-114E-42D2-9CC1-048ABFB51729}.Release|x64.Build.0 = Release|Any CPU
		{4138BC42-114E-42D2-9CC1-048ABFB51729}.Release|x86.ActiveCfg = Release|Any CPU
		{4138BC42-114E-42D2-9CC1-048ABFB51729}.Release|x86.Build.0 = Release|Any CPU
		{EBBDDF3B-6E0C-4E65-BB71-CD7F318AC0F5}.Debug|Any CPU.ActiveCfg = Debug|x64
		{EBBDDF3B-6E0C-4E65-BB71-CD7F318AC0F5}.Debug|Any CPU.Build.0 = Debug|x64
		{EBBDDF3B-6E0C-4E65-BB71-CD7F318AC0F5}.Debug|Any CPU.Deploy.0 = Debug|x64
		{EBBDDF3B-6E0C-4E65-BB71-CD7F318AC0F5}.Debug|ARM.ActiveCfg = Debug|x64
		{EBBDDF3B-6E0C-4E65-BB71-CD7F318AC0F5}.Debug|ARM.Build.0 = Debug|x64
		{EBBDDF3B-6E0C-4E65-BB71-CD7F318AC0F5}.Debug|ARM.Deploy.0 = Debug|x64
		{EBBDDF3B-6E0C-4E65-BB71-CD7F318AC0F5}.Debug|ARM64.ActiveCfg = Debug|ARM64
		{EBBDDF3B-6E0C-4E65-BB71-CD7F318AC0F5}.Debug|ARM64.Build.0 = Debug|ARM64
		{EBBDDF3B-6E0C-4E65-BB71-CD7F318AC0F5}.Debug|ARM64.Deploy.0 = Debug|ARM64
		{EBBDDF3B-6E0C-4E65-BB71-CD7F318AC0F5}.Debug|x64.ActiveCfg = Debug|x64
		{EBBDDF3B-6E0C-4E65-BB71-CD7F318AC0F5}.Debug|x64.Build.0 = Debug|x64
		{EBBDDF3B-6E0C-4E65-BB71-CD7F318AC0F5}.Debug|x64.Deploy.0 = Debug|x64
		{EBBDDF3B-6E0C-4E65-BB71-CD7F318AC0F5}.Debug|x86.ActiveCfg = Debug|x86
		{EBBDDF3B-6E0C-4E65-BB71-CD7F318AC0F5}.Debug|x86.Build.0 = Debug|x86
		{EBBDDF3B-6E0C-4E65-BB71-CD7F318AC0F5}.Debug|x86.Deploy.0 = Debug|x86
		{EBBDDF3B-6E0C-4E65-BB71-CD7F318AC0F5}.Release|Any CPU.ActiveCfg = Release|x64
		{EBBDDF3B-6E0C-4E65-BB71-CD7F318AC0F5}.Release|Any CPU.Build.0 = Release|x64
		{EBBDDF3B-6E0C-4E65-BB71-CD7F318AC0F5}.Release|Any CPU.Deploy.0 = Release|x64
		{EBBDDF3B-6E0C-4E65-BB71-CD7F318AC0F5}.Release|ARM.ActiveCfg = Release|x64
		{EBBDDF3B-6E0C-4E65-BB71-CD7F318AC0F5}.Release|ARM.Build.0 = Release|x64
		{EBBDDF3B-6E0C-4E65-BB71-CD7F318AC0F5}.Release|ARM.Deploy.0 = Release|x64
		{EBBDDF3B-6E0C-4E65-BB71-CD7F318AC0F5}.Release|ARM64.ActiveCfg = Release|ARM64
		{EBBDDF3B-6E0C-4E65-BB71-CD7F318AC0F5}.Release|ARM64.Build.0 = Release|ARM64
		{EBBDDF3B-6E0C-4E65-BB71-CD7F318AC0F5}.Release|ARM64.Deploy.0 = Release|ARM64
		{EBBDDF3B-6E0C-4E65-BB71-CD7F318AC0F5}.Release|x64.ActiveCfg = Release|x64
		{EBBDDF3B-6E0C-4E65-BB71-CD7F318AC0F5}.Release|x64.Build.0 = Release|x64
		{EBBDDF3B-6E0C-4E65-BB71-CD7F318AC0F5}.Release|x64.Deploy.0 = Release|x64
		{EBBDDF3B-6E0C-4E65-BB71-CD7F318AC0F5}.Release|x86.ActiveCfg = Release|x86
		{EBBDDF3B-6E0C-4E65-BB71-CD7F318AC0F5}.Release|x86.Build.0 = Release|x86
		{EBBDDF3B-6E0C-4E65-BB71-CD7F318AC0F5}.Release|x86.Deploy.0 = Release|x86
	EndGlobalSection
	GlobalSection(SolutionProperties) = preSolution
		HideSolutionNode = FALSE
	EndGlobalSection
	GlobalSection(ExtensibilityGlobals) = postSolution
		SolutionGuid = {7BE2E871-4930-40EB-B807-6D14B540B57C}
	EndGlobalSection
EndGlobal
